// !$*UTF8*$!
{
	archiveVersion = 1;
	classes = {
	};
	objectVersion = 51;
	objects = {

/* Begin PBXBuildFile section */
		BB2890AFE171616160B57204 /* Pods_OpenWeather.framework in Frameworks */ = {isa = PBXBuildFile; fileRef = B67E019F731A744A9AE40824 /* Pods_OpenWeather.framework */; };
		EA9F8F212387C3B0005BD5B1 /* UIStackView+Extension.swift in Sources */ = {isa = PBXBuildFile; fileRef = EA9F8F202387C3B0005BD5B1 /* UIStackView+Extension.swift */; };
		EA9F8F232387C49A005BD5B1 /* DateFormatter+Extension.swift in Sources */ = {isa = PBXBuildFile; fileRef = EA9F8F222387C49A005BD5B1 /* DateFormatter+Extension.swift */; };
		EABB066C2386DBE800A80537 /* AppDelegate.swift in Sources */ = {isa = PBXBuildFile; fileRef = EABB066B2386DBE800A80537 /* AppDelegate.swift */; };
		EABB066E2386DBE800A80537 /* SceneDelegate.swift in Sources */ = {isa = PBXBuildFile; fileRef = EABB066D2386DBE800A80537 /* SceneDelegate.swift */; };
		EABB06702386DBE800A80537 /* ViewController.swift in Sources */ = {isa = PBXBuildFile; fileRef = EABB066F2386DBE800A80537 /* ViewController.swift */; };
		EABB06732386DBE800A80537 /* Main.storyboard in Resources */ = {isa = PBXBuildFile; fileRef = EABB06712386DBE800A80537 /* Main.storyboard */; };
		EABB06752386DBE900A80537 /* Assets.xcassets in Resources */ = {isa = PBXBuildFile; fileRef = EABB06742386DBE900A80537 /* Assets.xcassets */; };
		EABB06782386DBE900A80537 /* LaunchScreen.storyboard in Resources */ = {isa = PBXBuildFile; fileRef = EABB06762386DBE900A80537 /* LaunchScreen.storyboard */; };
		EABB068E2386DC4500A80537 /* UIColor+Extension.swift in Sources */ = {isa = PBXBuildFile; fileRef = EABB06872386DC4400A80537 /* UIColor+Extension.swift */; };
		EABB068F2386DC4500A80537 /* UIView+Layout.swift in Sources */ = {isa = PBXBuildFile; fileRef = EABB06882386DC4400A80537 /* UIView+Layout.swift */; };
		EABB06932386DC4500A80537 /* UILabel+Extension.swift in Sources */ = {isa = PBXBuildFile; fileRef = EABB068C2386DC4500A80537 /* UILabel+Extension.swift */; };
		EABB06952386DC9200A80537 /* HomeController.swift in Sources */ = {isa = PBXBuildFile; fileRef = EABB06942386DC9200A80537 /* HomeController.swift */; };
		EABB06972386DCAB00A80537 /* BaseListController.swift in Sources */ = {isa = PBXBuildFile; fileRef = EABB06962386DCAA00A80537 /* BaseListController.swift */; };
		EABB06992386DE2E00A80537 /* DailyWeatherCell.swift in Sources */ = {isa = PBXBuildFile; fileRef = EABB06982386DE2E00A80537 /* DailyWeatherCell.swift */; };
		EABB069C2386E57B00A80537 /* SearchPlaceController.swift in Sources */ = {isa = PBXBuildFile; fileRef = EABB069B2386E57B00A80537 /* SearchPlaceController.swift */; };
		EABB069F2387009A00A80537 /* GooglePlaceChangable.swift in Sources */ = {isa = PBXBuildFile; fileRef = EABB069E2387009A00A80537 /* GooglePlaceChangable.swift */; };
		EABB06A12387085F00A80537 /* OpenWeatherMapModel.swift in Sources */ = {isa = PBXBuildFile; fileRef = EABB06A02387085F00A80537 /* OpenWeatherMapModel.swift */; };
		EABB06A323870FAF00A80537 /* Service.swift in Sources */ = {isa = PBXBuildFile; fileRef = EABB06A223870FAF00A80537 /* Service.swift */; };
		EABB06A623870FEC00A80537 /* Constants.swift in Sources */ = {isa = PBXBuildFile; fileRef = EABB06A523870FEC00A80537 /* Constants.swift */; };
		EABB06A82387138800A80537 /* DailyWeatherHeaderCell.swift in Sources */ = {isa = PBXBuildFile; fileRef = EABB06A72387138800A80537 /* DailyWeatherHeaderCell.swift */; };
		EABB06AA238731EA00A80537 /* UIImageView+Extension.swift in Sources */ = {isa = PBXBuildFile; fileRef = EABB06A9238731EA00A80537 /* UIImageView+Extension.swift */; };
/* End PBXBuildFile section */

/* Begin PBXFileReference section */
		AFA8E04BAFD0BC29BA4C418A /* Pods-OpenWeather.release.xcconfig */ = {isa = PBXFileReference; includeInIndex = 1; lastKnownFileType = text.xcconfig; name = "Pods-OpenWeather.release.xcconfig"; path = "Target Support Files/Pods-OpenWeather/Pods-OpenWeather.release.xcconfig"; sourceTree = "<group>"; };
		B67E019F731A744A9AE40824 /* Pods_OpenWeather.framework */ = {isa = PBXFileReference; explicitFileType = wrapper.framework; includeInIndex = 0; path = Pods_OpenWeather.framework; sourceTree = BUILT_PRODUCTS_DIR; };
		EA9F8F202387C3B0005BD5B1 /* UIStackView+Extension.swift */ = {isa = PBXFileReference; lastKnownFileType = sourcecode.swift; path = "UIStackView+Extension.swift"; sourceTree = "<group>"; };
		EA9F8F222387C49A005BD5B1 /* DateFormatter+Extension.swift */ = {isa = PBXFileReference; lastKnownFileType = sourcecode.swift; path = "DateFormatter+Extension.swift"; sourceTree = "<group>"; };
		EABB06682386DBE800A80537 /* OpenWeather.app */ = {isa = PBXFileReference; explicitFileType = wrapper.application; includeInIndex = 0; path = OpenWeather.app; sourceTree = BUILT_PRODUCTS_DIR; };
		EABB066B2386DBE800A80537 /* AppDelegate.swift */ = {isa = PBXFileReference; lastKnownFileType = sourcecode.swift; path = AppDelegate.swift; sourceTree = "<group>"; };
		EABB066D2386DBE800A80537 /* SceneDelegate.swift */ = {isa = PBXFileReference; lastKnownFileType = sourcecode.swift; path = SceneDelegate.swift; sourceTree = "<group>"; };
		EABB066F2386DBE800A80537 /* ViewController.swift */ = {isa = PBXFileReference; lastKnownFileType = sourcecode.swift; path = ViewController.swift; sourceTree = "<group>"; };
		EABB06722386DBE800A80537 /* Base */ = {isa = PBXFileReference; lastKnownFileType = file.storyboard; name = Base; path = Base.lproj/Main.storyboard; sourceTree = "<group>"; };
		EABB06742386DBE900A80537 /* Assets.xcassets */ = {isa = PBXFileReference; lastKnownFileType = folder.assetcatalog; path = Assets.xcassets; sourceTree = "<group>"; };
		EABB06772386DBE900A80537 /* Base */ = {isa = PBXFileReference; lastKnownFileType = file.storyboard; name = Base; path = Base.lproj/LaunchScreen.storyboard; sourceTree = "<group>"; };
		EABB06792386DBE900A80537 /* Info.plist */ = {isa = PBXFileReference; lastKnownFileType = text.plist.xml; path = Info.plist; sourceTree = "<group>"; };
		EABB06872386DC4400A80537 /* UIColor+Extension.swift */ = {isa = PBXFileReference; fileEncoding = 4; lastKnownFileType = sourcecode.swift; path = "UIColor+Extension.swift"; sourceTree = "<group>"; };
		EABB06882386DC4400A80537 /* UIView+Layout.swift */ = {isa = PBXFileReference; fileEncoding = 4; lastKnownFileType = sourcecode.swift; path = "UIView+Layout.swift"; sourceTree = "<group>"; };
		EABB068C2386DC4500A80537 /* UILabel+Extension.swift */ = {isa = PBXFileReference; fileEncoding = 4; lastKnownFileType = sourcecode.swift; path = "UILabel+Extension.swift"; sourceTree = "<group>"; };
		EABB06942386DC9200A80537 /* HomeController.swift */ = {isa = PBXFileReference; lastKnownFileType = sourcecode.swift; path = HomeController.swift; sourceTree = "<group>"; };
		EABB06962386DCAA00A80537 /* BaseListController.swift */ = {isa = PBXFileReference; fileEncoding = 4; lastKnownFileType = sourcecode.swift; path = BaseListController.swift; sourceTree = "<group>"; };
		EABB06982386DE2E00A80537 /* DailyWeatherCell.swift */ = {isa = PBXFileReference; lastKnownFileType = sourcecode.swift; path = DailyWeatherCell.swift; sourceTree = "<group>"; };
		EABB069B2386E57B00A80537 /* SearchPlaceController.swift */ = {isa = PBXFileReference; lastKnownFileType = sourcecode.swift; path = SearchPlaceController.swift; sourceTree = "<group>"; };
		EABB069E2387009A00A80537 /* GooglePlaceChangable.swift */ = {isa = PBXFileReference; lastKnownFileType = sourcecode.swift; path = GooglePlaceChangable.swift; sourceTree = "<group>"; };
		EABB06A02387085F00A80537 /* OpenWeatherMapModel.swift */ = {isa = PBXFileReference; lastKnownFileType = sourcecode.swift; path = OpenWeatherMapModel.swift; sourceTree = "<group>"; };
		EABB06A223870FAF00A80537 /* Service.swift */ = {isa = PBXFileReference; lastKnownFileType = sourcecode.swift; path = Service.swift; sourceTree = "<group>"; };
		EABB06A523870FEC00A80537 /* Constants.swift */ = {isa = PBXFileReference; lastKnownFileType = sourcecode.swift; path = Constants.swift; sourceTree = "<group>"; };
		EABB06A72387138800A80537 /* DailyWeatherHeaderCell.swift */ = {isa = PBXFileReference; lastKnownFileType = sourcecode.swift; path = DailyWeatherHeaderCell.swift; sourceTree = "<group>"; };
		EABB06A9238731EA00A80537 /* UIImageView+Extension.swift */ = {isa = PBXFileReference; lastKnownFileType = sourcecode.swift; path = "UIImageView+Extension.swift"; sourceTree = "<group>"; };
		FFA9661C2C5E53631C368A28 /* Pods-OpenWeather.debug.xcconfig */ = {isa = PBXFileReference; includeInIndex = 1; lastKnownFileType = text.xcconfig; name = "Pods-OpenWeather.debug.xcconfig"; path = "Target Support Files/Pods-OpenWeather/Pods-OpenWeather.debug.xcconfig"; sourceTree = "<group>"; };
/* End PBXFileReference section */

/* Begin PBXFrameworksBuildPhase section */
		EABB06652386DBE800A80537 /* Frameworks */ = {
			isa = PBXFrameworksBuildPhase;
			buildActionMask = 2147483647;
			files = (
				BB2890AFE171616160B57204 /* Pods_OpenWeather.framework in Frameworks */,
			);
			runOnlyForDeploymentPostprocessing = 0;
		};
/* End PBXFrameworksBuildPhase section */

/* Begin PBXGroup section */
		0A6926AE0FBD556550FAD098 /* Frameworks */ = {
			isa = PBXGroup;
			children = (
				B67E019F731A744A9AE40824 /* Pods_OpenWeather.framework */,
			);
			name = Frameworks;
			sourceTree = "<group>";
		};
		57D8A5DADCC5CFF598C4AC21 /* Pods */ = {
			isa = PBXGroup;
			children = (
				FFA9661C2C5E53631C368A28 /* Pods-OpenWeather.debug.xcconfig */,
				AFA8E04BAFD0BC29BA4C418A /* Pods-OpenWeather.release.xcconfig */,
			);
			path = Pods;
			sourceTree = "<group>";
		};
		EABB065F2386DBE800A80537 = {
			isa = PBXGroup;
			children = (
				EABB066A2386DBE800A80537 /* OpenWeather */,
				EABB06692386DBE800A80537 /* Products */,
				57D8A5DADCC5CFF598C4AC21 /* Pods */,
				0A6926AE0FBD556550FAD098 /* Frameworks */,
			);
			sourceTree = "<group>";
		};
		EABB06692386DBE800A80537 /* Products */ = {
			isa = PBXGroup;
			children = (
				EABB06682386DBE800A80537 /* OpenWeather.app */,
			);
			name = Products;
			sourceTree = "<group>";
		};
		EABB066A2386DBE800A80537 /* OpenWeather */ = {
			isa = PBXGroup;
			children = (
				EABB06A423870FDE00A80537 /* Constants */,
				EABB069D2387009000A80537 /* Model */,
				EABB06802386DC0D00A80537 /* Service */,
				EABB06822386DC1B00A80537 /* Controller */,
				EABB06812386DC1400A80537 /* View */,
				EABB066D2386DBE800A80537 /* SceneDelegate.swift */,
				EABB06742386DBE900A80537 /* Assets.xcassets */,
				EABB06792386DBE900A80537 /* Info.plist */,
				EABB06852386DC3B00A80537 /* Helpers */,
				EABB067F2386DBEF00A80537 /* Supporting Files */,
			);
			path = OpenWeather;
			sourceTree = "<group>";
		};
		EABB067F2386DBEF00A80537 /* Supporting Files */ = {
			isa = PBXGroup;
			children = (
				EABB066B2386DBE800A80537 /* AppDelegate.swift */,
				EABB066F2386DBE800A80537 /* ViewController.swift */,
				EABB06712386DBE800A80537 /* Main.storyboard */,
				EABB06762386DBE900A80537 /* LaunchScreen.storyboard */,
			);
			path = "Supporting Files";
			sourceTree = "<group>";
		};
		EABB06802386DC0D00A80537 /* Service */ = {
			isa = PBXGroup;
			children = (
				EABB06A223870FAF00A80537 /* Service.swift */,
			);
			path = Service;
			sourceTree = "<group>";
		};
		EABB06812386DC1400A80537 /* View */ = {
			isa = PBXGroup;
			children = (
				EABB06982386DE2E00A80537 /* DailyWeatherCell.swift */,
				EABB06A72387138800A80537 /* DailyWeatherHeaderCell.swift */,
			);
			path = View;
			sourceTree = "<group>";
		};
		EABB06822386DC1B00A80537 /* Controller */ = {
			isa = PBXGroup;
			children = (
				EABB06962386DCAA00A80537 /* BaseListController.swift */,
				EABB069A2386E55E00A80537 /* Search */,
				EABB06832386DC2800A80537 /* Home */,
			);
			path = Controller;
			sourceTree = "<group>";
		};
		EABB06832386DC2800A80537 /* Home */ = {
			isa = PBXGroup;
			children = (
				EABB06942386DC9200A80537 /* HomeController.swift */,
			);
			path = Home;
			sourceTree = "<group>";
		};
		EABB06852386DC3B00A80537 /* Helpers */ = {
			isa = PBXGroup;
			children = (
				EABB06872386DC4400A80537 /* UIColor+Extension.swift */,
				EABB068C2386DC4500A80537 /* UILabel+Extension.swift */,
				EABB06882386DC4400A80537 /* UIView+Layout.swift */,
				EABB06A9238731EA00A80537 /* UIImageView+Extension.swift */,
				EA9F8F202387C3B0005BD5B1 /* UIStackView+Extension.swift */,
				EA9F8F222387C49A005BD5B1 /* DateFormatter+Extension.swift */,
			);
			path = Helpers;
			sourceTree = "<group>";
		};
		EABB069A2386E55E00A80537 /* Search */ = {
			isa = PBXGroup;
			children = (
				EABB069B2386E57B00A80537 /* SearchPlaceController.swift */,
			);
			path = Search;
			sourceTree = "<group>";
		};
		EABB069D2387009000A80537 /* Model */ = {
			isa = PBXGroup;
			children = (
				EABB069E2387009A00A80537 /* GooglePlaceChangable.swift */,
				EABB06A02387085F00A80537 /* OpenWeatherMapModel.swift */,
			);
			path = Model;
			sourceTree = "<group>";
		};
		EABB06A423870FDE00A80537 /* Constants */ = {
			isa = PBXGroup;
			children = (
				EABB06A523870FEC00A80537 /* Constants.swift */,
			);
			path = Constants;
			sourceTree = "<group>";
		};
/* End PBXGroup section */

/* Begin PBXNativeTarget section */
		EABB06672386DBE800A80537 /* OpenWeather */ = {
			isa = PBXNativeTarget;
			buildConfigurationList = EABB067C2386DBE900A80537 /* Build configuration list for PBXNativeTarget "OpenWeather" */;
			buildPhases = (
				2FBC618A0980BE3078597BF2 /* [CP] Check Pods Manifest.lock */,
				EABB06642386DBE800A80537 /* Sources */,
				EABB06652386DBE800A80537 /* Frameworks */,
				EABB06662386DBE800A80537 /* Resources */,
				CDDEBA0CD620A8EE388A788A /* [CP] Copy Pods Resources */,
			);
			buildRules = (
			);
			dependencies = (
			);
			name = OpenWeather;
			productName = OpenWeather;
			productReference = EABB06682386DBE800A80537 /* OpenWeather.app */;
			productType = "com.apple.product-type.application";
		};
/* End PBXNativeTarget section */

/* Begin PBXProject section */
		EABB06602386DBE800A80537 /* Project object */ = {
			isa = PBXProject;
			attributes = {
				LastSwiftUpdateCheck = 1120;
				LastUpgradeCheck = 1120;
				ORGANIZATIONNAME = "Ekrem TAŞKIRAN";
				TargetAttributes = {
					EABB06672386DBE800A80537 = {
						CreatedOnToolsVersion = 11.2.1;
					};
				};
			};
			buildConfigurationList = EABB06632386DBE800A80537 /* Build configuration list for PBXProject "OpenWeather" */;
			compatibilityVersion = "Xcode 9.3";
			developmentRegion = en;
			hasScannedForEncodings = 0;
			knownRegions = (
				en,
				Base,
			);
			mainGroup = EABB065F2386DBE800A80537;
			productRefGroup = EABB06692386DBE800A80537 /* Products */;
			projectDirPath = "";
			projectRoot = "";
			targets = (
				EABB06672386DBE800A80537 /* OpenWeather */,
			);
		};
/* End PBXProject section */

/* Begin PBXResourcesBuildPhase section */
		EABB06662386DBE800A80537 /* Resources */ = {
			isa = PBXResourcesBuildPhase;
			buildActionMask = 2147483647;
			files = (
				EABB06782386DBE900A80537 /* LaunchScreen.storyboard in Resources */,
				EABB06752386DBE900A80537 /* Assets.xcassets in Resources */,
				EABB06732386DBE800A80537 /* Main.storyboard in Resources */,
			);
			runOnlyForDeploymentPostprocessing = 0;
		};
/* End PBXResourcesBuildPhase section */

/* Begin PBXShellScriptBuildPhase section */
		2FBC618A0980BE3078597BF2 /* [CP] Check Pods Manifest.lock */ = {
			isa = PBXShellScriptBuildPhase;
			buildActionMask = 2147483647;
			files = (
			);
			inputFileListPaths = (
			);
			inputPaths = (
				"${PODS_PODFILE_DIR_PATH}/Podfile.lock",
				"${PODS_ROOT}/Manifest.lock",
			);
			name = "[CP] Check Pods Manifest.lock";
			outputFileListPaths = (
			);
			outputPaths = (
				"$(DERIVED_FILE_DIR)/Pods-OpenWeather-checkManifestLockResult.txt",
			);
			runOnlyForDeploymentPostprocessing = 0;
			shellPath = /bin/sh;
			shellScript = "diff \"${PODS_PODFILE_DIR_PATH}/Podfile.lock\" \"${PODS_ROOT}/Manifest.lock\" > /dev/null\nif [ $? != 0 ] ; then\n    # print error to STDERR\n    echo \"error: The sandbox is not in sync with the Podfile.lock. Run 'pod install' or update your CocoaPods installation.\" >&2\n    exit 1\nfi\n# This output is used by Xcode 'outputs' to avoid re-running this script phase.\necho \"SUCCESS\" > \"${SCRIPT_OUTPUT_FILE_0}\"\n";
			showEnvVarsInLog = 0;
		};
		CDDEBA0CD620A8EE388A788A /* [CP] Copy Pods Resources */ = {
			isa = PBXShellScriptBuildPhase;
			buildActionMask = 2147483647;
			files = (
			);
			inputFileListPaths = (
				"${PODS_ROOT}/Target Support Files/Pods-OpenWeather/Pods-OpenWeather-resources-${CONFIGURATION}-input-files.xcfilelist",
			);
			name = "[CP] Copy Pods Resources";
			outputFileListPaths = (
				"${PODS_ROOT}/Target Support Files/Pods-OpenWeather/Pods-OpenWeather-resources-${CONFIGURATION}-output-files.xcfilelist",
			);
			runOnlyForDeploymentPostprocessing = 0;
			shellPath = /bin/sh;
			shellScript = "\"${PODS_ROOT}/Target Support Files/Pods-OpenWeather/Pods-OpenWeather-resources.sh\"\n";
			showEnvVarsInLog = 0;
		};
/* End PBXShellScriptBuildPhase section */

/* Begin PBXSourcesBuildPhase section */
		EABB06642386DBE800A80537 /* Sources */ = {
			isa = PBXSourcesBuildPhase;
			buildActionMask = 2147483647;
			files = (
				EABB06702386DBE800A80537 /* ViewController.swift in Sources */,
				EABB069F2387009A00A80537 /* GooglePlaceChangable.swift in Sources */,
				EABB06952386DC9200A80537 /* HomeController.swift in Sources */,
				EABB06932386DC4500A80537 /* UILabel+Extension.swift in Sources */,
				EABB06A12387085F00A80537 /* OpenWeatherMapModel.swift in Sources */,
				EA9F8F212387C3B0005BD5B1 /* UIStackView+Extension.swift in Sources */,
				EABB066C2386DBE800A80537 /* AppDelegate.swift in Sources */,
				EABB06A82387138800A80537 /* DailyWeatherHeaderCell.swift in Sources */,
				EABB069C2386E57B00A80537 /* SearchPlaceController.swift in Sources */,
				EABB06992386DE2E00A80537 /* DailyWeatherCell.swift in Sources */,
				EABB06AA238731EA00A80537 /* UIImageView+Extension.swift in Sources */,
				EABB068F2386DC4500A80537 /* UIView+Layout.swift in Sources */,
				EABB06A323870FAF00A80537 /* Service.swift in Sources */,
				EABB066E2386DBE800A80537 /* SceneDelegate.swift in Sources */,
				EA9F8F232387C49A005BD5B1 /* DateFormatter+Extension.swift in Sources */,
				EABB06972386DCAB00A80537 /* BaseListController.swift in Sources */,
				EABB068E2386DC4500A80537 /* UIColor+Extension.swift in Sources */,
				EABB06A623870FEC00A80537 /* Constants.swift in Sources */,
			);
			runOnlyForDeploymentPostprocessing = 0;
		};
/* End PBXSourcesBuildPhase section */

/* Begin PBXVariantGroup section */
		EABB06712386DBE800A80537 /* Main.storyboard */ = {
			isa = PBXVariantGroup;
			children = (
				EABB06722386DBE800A80537 /* Base */,
			);
			name = Main.storyboard;
			sourceTree = "<group>";
		};
		EABB06762386DBE900A80537 /* LaunchScreen.storyboard */ = {
			isa = PBXVariantGroup;
			children = (
				EABB06772386DBE900A80537 /* Base */,
			);
			name = LaunchScreen.storyboard;
			sourceTree = "<group>";
		};
/* End PBXVariantGroup section */

/* Begin XCBuildConfiguration section */
		EABB067A2386DBE900A80537 /* Debug */ = {
			isa = XCBuildConfiguration;
			buildSettings = {
				ALWAYS_SEARCH_USER_PATHS = NO;
				CLANG_ANALYZER_NONNULL = YES;
				CLANG_ANALYZER_NUMBER_OBJECT_CONVERSION = YES_AGGRESSIVE;
				CLANG_CXX_LANGUAGE_STANDARD = "gnu++14";
				CLANG_CXX_LIBRARY = "libc++";
				CLANG_ENABLE_MODULES = YES;
				CLANG_ENABLE_OBJC_ARC = YES;
				CLANG_ENABLE_OBJC_WEAK = YES;
				CLANG_WARN_BLOCK_CAPTURE_AUTORELEASING = YES;
				CLANG_WARN_BOOL_CONVERSION = YES;
				CLANG_WARN_COMMA = YES;
				CLANG_WARN_CONSTANT_CONVERSION = YES;
				CLANG_WARN_DEPRECATED_OBJC_IMPLEMENTATIONS = YES;
				CLANG_WARN_DIRECT_OBJC_ISA_USAGE = YES_ERROR;
				CLANG_WARN_DOCUMENTATION_COMMENTS = YES;
				CLANG_WARN_EMPTY_BODY = YES;
				CLANG_WARN_ENUM_CONVERSION = YES;
				CLANG_WARN_INFINITE_RECURSION = YES;
				CLANG_WARN_INT_CONVERSION = YES;
				CLANG_WARN_NON_LITERAL_NULL_CONVERSION = YES;
				CLANG_WARN_OBJC_IMPLICIT_RETAIN_SELF = YES;
				CLANG_WARN_OBJC_LITERAL_CONVERSION = YES;
				CLANG_WARN_OBJC_ROOT_CLASS = YES_ERROR;
				CLANG_WARN_RANGE_LOOP_ANALYSIS = YES;
				CLANG_WARN_STRICT_PROTOTYPES = YES;
				CLANG_WARN_SUSPICIOUS_MOVE = YES;
				CLANG_WARN_UNGUARDED_AVAILABILITY = YES_AGGRESSIVE;
				CLANG_WARN_UNREACHABLE_CODE = YES;
				CLANG_WARN__DUPLICATE_METHOD_MATCH = YES;
				COPY_PHASE_STRIP = NO;
				DEBUG_INFORMATION_FORMAT = dwarf;
				ENABLE_STRICT_OBJC_MSGSEND = YES;
				ENABLE_TESTABILITY = YES;
				GCC_C_LANGUAGE_STANDARD = gnu11;
				GCC_DYNAMIC_NO_PIC = NO;
				GCC_NO_COMMON_BLOCKS = YES;
				GCC_OPTIMIZATION_LEVEL = 0;
				GCC_PREPROCESSOR_DEFINITIONS = (
					"DEBUG=1",
					"$(inherited)",
				);
				GCC_WARN_64_TO_32_BIT_CONVERSION = YES;
				GCC_WARN_ABOUT_RETURN_TYPE = YES_ERROR;
				GCC_WARN_UNDECLARED_SELECTOR = YES;
				GCC_WARN_UNINITIALIZED_AUTOS = YES_AGGRESSIVE;
				GCC_WARN_UNUSED_FUNCTION = YES;
				GCC_WARN_UNUSED_VARIABLE = YES;
				IPHONEOS_DEPLOYMENT_TARGET = 13.2;
				MTL_ENABLE_DEBUG_INFO = INCLUDE_SOURCE;
				MTL_FAST_MATH = YES;
				ONLY_ACTIVE_ARCH = YES;
				SDKROOT = iphoneos;
				SWIFT_ACTIVE_COMPILATION_CONDITIONS = DEBUG;
				SWIFT_OPTIMIZATION_LEVEL = "-Onone";
			};
			name = Debug;
		};
		EABB067B2386DBE900A80537 /* Release */ = {
			isa = XCBuildConfiguration;
			buildSettings = {
				ALWAYS_SEARCH_USER_PATHS = NO;
				CLANG_ANALYZER_NONNULL = YES;
				CLANG_ANALYZER_NUMBER_OBJECT_CONVERSION = YES_AGGRESSIVE;
				CLANG_CXX_LANGUAGE_STANDARD = "gnu++14";
				CLANG_CXX_LIBRARY = "libc++";
				CLANG_ENABLE_MODULES = YES;
				CLANG_ENABLE_OBJC_ARC = YES;
				CLANG_ENABLE_OBJC_WEAK = YES;
				CLANG_WARN_BLOCK_CAPTURE_AUTORELEASING = YES;
				CLANG_WARN_BOOL_CONVERSION = YES;
				CLANG_WARN_COMMA = YES;
				CLANG_WARN_CONSTANT_CONVERSION = YES;
				CLANG_WARN_DEPRECATED_OBJC_IMPLEMENTATIONS = YES;
				CLANG_WARN_DIRECT_OBJC_ISA_USAGE = YES_ERROR;
				CLANG_WARN_DOCUMENTATION_COMMENTS = YES;
				CLANG_WARN_EMPTY_BODY = YES;
				CLANG_WARN_ENUM_CONVERSION = YES;
				CLANG_WARN_INFINITE_RECURSION = YES;
				CLANG_WARN_INT_CONVERSION = YES;
				CLANG_WARN_NON_LITERAL_NULL_CONVERSION = YES;
				CLANG_WARN_OBJC_IMPLICIT_RETAIN_SELF = YES;
				CLANG_WARN_OBJC_LITERAL_CONVERSION = YES;
				CLANG_WARN_OBJC_ROOT_CLASS = YES_ERROR;
				CLANG_WARN_RANGE_LOOP_ANALYSIS = YES;
				CLANG_WARN_STRICT_PROTOTYPES = YES;
				CLANG_WARN_SUSPICIOUS_MOVE = YES;
				CLANG_WARN_UNGUARDED_AVAILABILITY = YES_AGGRESSIVE;
				CLANG_WARN_UNREACHABLE_CODE = YES;
				CLANG_WARN__DUPLICATE_METHOD_MATCH = YES;
				COPY_PHASE_STRIP = NO;
				DEBUG_INFORMATION_FORMAT = "dwarf-with-dsym";
				ENABLE_NS_ASSERTIONS = NO;
				ENABLE_STRICT_OBJC_MSGSEND = YES;
				GCC_C_LANGUAGE_STANDARD = gnu11;
				GCC_NO_COMMON_BLOCKS = YES;
				GCC_WARN_64_TO_32_BIT_CONVERSION = YES;
				GCC_WARN_ABOUT_RETURN_TYPE = YES_ERROR;
				GCC_WARN_UNDECLARED_SELECTOR = YES;
				GCC_WARN_UNINITIALIZED_AUTOS = YES_AGGRESSIVE;
				GCC_WARN_UNUSED_FUNCTION = YES;
				GCC_WARN_UNUSED_VARIABLE = YES;
				IPHONEOS_DEPLOYMENT_TARGET = 13.2;
				MTL_ENABLE_DEBUG_INFO = NO;
				MTL_FAST_MATH = YES;
				SDKROOT = iphoneos;
				SWIFT_COMPILATION_MODE = wholemodule;
				SWIFT_OPTIMIZATION_LEVEL = "-O";
				VALIDATE_PRODUCT = YES;
			};
			name = Release;
		};
		EABB067D2386DBE900A80537 /* Debug */ = {
			isa = XCBuildConfiguration;
			baseConfigurationReference = FFA9661C2C5E53631C368A28 /* Pods-OpenWeather.debug.xcconfig */;
			buildSettings = {
				ASSETCATALOG_COMPILER_APPICON_NAME = AppIcon;
				CODE_SIGN_STYLE = Automatic;
				DEVELOPMENT_TEAM = JES6KDUZ5B;
				INFOPLIST_FILE = OpenWeather/Info.plist;
				LD_RUNPATH_SEARCH_PATHS = (
					"$(inherited)",
					"@executable_path/Frameworks",
				);
				PRODUCT_BUNDLE_IDENTIFIER = com.perpeer.OpenWeather;
				PRODUCT_NAME = "$(TARGET_NAME)";
				SWIFT_VERSION = 5.0;
				TARGETED_DEVICE_FAMILY = "1,2";
			};
			name = Debug;
		};
		EABB067E2386DBE900A80537 /* Release */ = {
			isa = XCBuildConfiguration;
			baseConfigurationReference = AFA8E04BAFD0BC29BA4C418A /* Pods-OpenWeather.release.xcconfig */;
			buildSettings = {
				ASSETCATALOG_COMPILER_APPICON_NAME = AppIcon;
				CODE_SIGN_STYLE = Automatic;
				DEVELOPMENT_TEAM = JES6KDUZ5B;
				INFOPLIST_FILE = OpenWeather/Info.plist;
				LD_RUNPATH_SEARCH_PATHS = (
					"$(inherited)",
					"@executable_path/Frameworks",
				);
				PRODUCT_BUNDLE_IDENTIFIER = com.perpeer.OpenWeather;
				PRODUCT_NAME = "$(TARGET_NAME)";
				SWIFT_VERSION = 5.0;
				TARGETED_DEVICE_FAMILY = "1,2";
			};
			name = Release;
		};
/* End XCBuildConfiguration section */

/* Begin XCConfigurationList section */
		EABB06632386DBE800A80537 /* Build configuration list for PBXProject "OpenWeather" */ = {
			isa = XCConfigurationList;
			buildConfigurations = (
				EABB067A2386DBE900A80537 /* Debug */,
				EABB067B2386DBE900A80537 /* Release */,
			);
			defaultConfigurationIsVisible = 0;
			defaultConfigurationName = Release;
		};
		EABB067C2386DBE900A80537 /* Build configuration list for PBXNativeTarget "OpenWeather" */ = {
			isa = XCConfigurationList;
			buildConfigurations = (
				EABB067D2386DBE900A80537 /* Debug */,
				EABB067E2386DBE900A80537 /* Release */,
			);
			defaultConfigurationIsVisible = 0;
			defaultConfigurationName = Release;
		};
/* End XCConfigurationList section */
	};
	rootObject = EABB06602386DBE800A80537 /* Project object */;
}
